
Microsoft Visual Studio Solution File, Format Version 12.00
# Visual Studio Version 16
VisualStudioVersion = 16.0.34902.97
MinimumVisualStudioVersion = 10.0.40219.1
Project("{FAE04EC0-301F-11D3-BF4B-00C04F79EFBC}") = "QualificationVerificationWeb", "QualificationVerificationWeb\QualificationVerificationWeb.csproj", "{81FD68BD-A4D5-4122-8AA6-5F08B3E6839D}"
EndProject
Global
	GlobalSection(SolutionConfigurationPlatforms) = preSolution
		Debug|Any CPU = Debug|Any CPU
		Release|Any CPU = Release|Any CPU
	EndGlobalSection
	GlobalSection(ProjectConfigurationPlatforms) = postSolution
		{81FD68BD-A4D5-4122-8AA6-5F08B3E6839D}.Debug|Any CPU.ActiveCfg = Debug|Any CPU
		{81FD68BD-A4D5-4122-8AA6-5F08B3E6839D}.Debug|Any CPU.Build.0 = Debug|Any CPU
		{81FD68BD-A4D5-4122-8AA6-5F08B3E6839D}.Release|Any CPU.ActiveCfg = Release|Any CPU
		{81FD68BD-A4D5-4122-8AA6-5F08B3E6839D}.Release|Any CPU.Build.0 = Release|Any CPU
	EndGlobalSection
	GlobalSection(SolutionProperties) = preSolution
		HideSolutionNode = FALSE
	EndGlobalSection
	GlobalSection(ExtensibilityGlobals) = postSolution
		SolutionGuid = {CC3C351D-B2E5-475B-988D-050C4D07CB9F}
	EndGlobalSection
EndGlobal
